dependencies:
  ADC:
    component_hash: f19c6793fc1b1e87221277a590073e12c40ea51b418c64d32d880651fa5e4ae2
    dependencies: []
    source:
      git: https://github.com/qingmeijiupiao/wireless-power-components.git
      path: components/bsp/ADC
      type: git
    version: b9816655d7e1db46a8e5d3c7e29e05d9edb5f9a4
  Button:
    component_hash: 3a20b12e7f8f0d70203f042fcf637dba96658a50dffbcea4f9a035856565fb75
    dependencies: []
    source:
      git: https://github.com/qingmeijiupiao/wireless-power-components.git
      path: components/middleware/Button
      type: git
    version: b9816655d7e1db46a8e5d3c7e29e05d9edb5f9a4
  HXC_NVS:
    component_hash: ace14a26b036a8a51f191146556bb91c5aa7af50e3baf6ee087fd133f9f23f7b
    dependencies: []
    source:
      git: https://github.com/qingmeijiupiao/wireless-power-components.git
      path: components/bsp/HXC_NVS
      type: git
    version: b9816655d7e1db46a8e5d3c7e29e05d9edb5f9a4
  Interp:
    component_hash: 1ba36287c5d1dab068a1f39367b02de9d4c77f435c398cb28c43de8a273865bf
    dependencies: []
    source:
      git: https://github.com/qingmeijiupiao/wireless-power-components.git
      path: components/common/Interp
      type: git
    version: b9816655d7e1db46a8e5d3c7e29e05d9edb5f9a4
  battery_level:
    component_hash: ed2b8cbf4f42d8e1db01967a1e13bcb52c5379d9e99442c122de1bfdc57fa098
    dependencies: []
    source:
      git: https://github.com/qingmeijiupiao/wireless-power-components.git
      path: components/middleware/battery_level
      type: git
    version: b9816655d7e1db46a8e5d3c7e29e05d9edb5f9a4
  blackbox:
    dependencies: []
    source:
      path: components/overrides/blackbox
      type: local
    version: '*'
  blackbox_service:
    component_hash: bee31fb8be904f28ec7b7135417d22bd2fd2e3bad84b3a50068d67af3d28b3fa
    dependencies: []
    source:
      git: https://github.com/qingmeijiupiao/wireless-power-components.git
      path: components/middleware/blackbox_service
      type: git
    version: b9816655d7e1db46a8e5d3c7e29e05d9edb5f9a4
  circular_flash_buffer:
    dependencies: []
    source:
      path: components/overrides/circular_flash_buffer
      type: local
    version: '*'
  diagnostic_log:
    component_hash: 97f3047c739307b12a339d987de182a35f0696f61bef67020885f9d7f31f3146
    dependencies: []
    source:
      git: https://github.com/qingmeijiupiao/wireless-power-components.git
      path: components/common/diagnostic_log
      type: git
    version: b9816655d7e1db46a8e5d3c7e29e05d9edb5f9a4
  espnow_link:
    dependencies: []
    source:
      path: components/overrides/espnow_link
      type: local
    version: '*'
  espnow_service_proto:
    component_hash: c199a0bc8f35f63a559e7b1085eede80f4b26c5e412165f80832035c07f22bbe
    dependencies: []
    source:
      git: https://github.com/qingmeijiupiao/wireless-power-components.git
      path: components/product/espnow_service_proto
      type: git
    version: b9816655d7e1db46a8e5d3c7e29e05d9edb5f9a4
  espnow_service_remote:
    component_hash: 0141a0edbd3abaa6b3d64dd74cdb62078faf731be745860d3ab362f97d2e4e37
    dependencies: []
    source:
      git: https://github.com/qingmeijiupiao/wireless-power-components.git
      path: components/product/espnow_service_remote
      type: git
    version: b9816655d7e1db46a8e5d3c7e29e05d9edb5f9a4
  idf:
    source:
      type: idf
    version: 6.0.0
  shell:
    component_hash: 6141a03c15c6383367fbead105be702693c5f4812972b5f260ad56a817d8d718
    dependencies: []
    source:
      git: https://github.com/qingmeijiupiao/wireless-power-components.git
      path: components/bsp/shell
      type: git
    version: b9816655d7e1db46a8e5d3c7e29e05d9edb5f9a4
  wifi_manager:
    component_hash: ed4e19eea948ad69f29a6309dd35d459d84f4fe05169fab46477fc989fb950ae
    dependencies: []
    source:
      git: https://github.com/qingmeijiupiao/wireless-power-components.git
      path: components/bsp/wifi_manager
      type: git
    version: b9816655d7e1db46a8e5d3c7e29e05d9edb5f9a4
direct_dependencies:
- ADC
- Button
- HXC_NVS
- Interp
- battery_level
- blackbox
- blackbox_service
- circular_flash_buffer
- diagnostic_log
- espnow_link
- espnow_service_proto
- espnow_service_remote
- idf
- shell
- wifi_manager
manifest_hash: 9c6588d8480034e21de2627addfcd402f9f7db087c8d179c6682f3c2fe7dc93d
target: esp32c3
version: 3.0.0
